
Microsoft Visual Studio Solution File, Format Version 12.00
# Visual Studio 2013
VisualStudioVersion = 12.0.21005.1
MinimumVisualStudioVersion = 10.0.40219.1
Project("{FAE04EC0-301F-11D3-BF4B-00C04F79EFBC}") = "BunnyCarrot.Android", "BunnyCarrot.Android\BunnyCarrot.Android.csproj", "{1BF60ADF-5FC1-4C98-845A-38A7B2AD8740}"
EndProject
Project("{FAE04EC0-301F-11D3-BF4B-00C04F79EFBC}") = "BunnyCarrot", "BunnyCarrot\BunnyCarrot.csproj", "{13D294DB-2B55-4386-AC47-F3EBE2CC8C09}"
EndProject
Global
	GlobalSection(SolutionConfigurationPlatforms) = preSolution
		Debug|Any CPU = Debug|Any CPU
		Release|Any CPU = Release|Any CPU
	EndGlobalSection
	GlobalSection(ProjectConfigurationPlatforms) = postSolution
		{1BF60ADF-5FC1-4C98-845A-38A7B2AD8740}.Debug|Any CPU.ActiveCfg = Debug|Any CPU
		{1BF60ADF-5FC1-4C98-845A-38A7B2AD8740}.Debug|Any CPU.Build.0 = Debug|Any CPU
		{1BF60ADF-5FC1-4C98-845A-38A7B2AD8740}.Debug|Any CPU.Deploy.0 = Debug|Any CPU
		{1BF60ADF-5FC1-4C98-845A-38A7B2AD8740}.Release|Any CPU.ActiveCfg = Release|Any CPU
		{1BF60ADF-5FC1-4C98-845A-38A7B2AD8740}.Release|Any CPU.Build.0 = Release|Any CPU
		{13D294DB-2B55-4386-AC47-F3EBE2CC8C09}.Debug|Any CPU.ActiveCfg = Debug|Any CPU
		{13D294DB-2B55-4386-AC47-F3EBE2CC8C09}.Debug|Any CPU.Build.0 = Debug|Any CPU
		{13D294DB-2B55-4386-AC47-F3EBE2CC8C09}.Release|Any CPU.ActiveCfg = Release|Any CPU
		{13D294DB-2B55-4386-AC47-F3EBE2CC8C09}.Release|Any CPU.Build.0 = Release|Any CPU
	EndGlobalSection
	GlobalSection(SolutionProperties) = preSolution
		HideSolutionNode = FALSE
	EndGlobalSection
	GlobalSection(MonoDevelopProperties) = preSolution
		StartupItem = BunnyCarrot.Android\BunnyCarrot.Android.csproj
	EndGlobalSection
EndGlobal
